// !$*UTF8*$!
{
	archiveVersion = 1;
	classes = {
	};
	objectVersion = 50;
	objects = {

/* Begin PBXBuildFile section */
		C2832D6225B2C4FF00A13004 /* ActivityIndicatorView.swift in Sources */ = {isa = PBXBuildFile; fileRef = C2832D6125B2C4FF00A13004 /* ActivityIndicatorView.swift */; };
		C2832D6725B2C5CA00A13004 /* ExtentionUIViewController.swift in Sources */ = {isa = PBXBuildFile; fileRef = C2832D6625B2C5CA00A13004 /* ExtentionUIViewController.swift */; };
		C2B2994D25B1686700441D7C /* AppDelegate.swift in Sources */ = {isa = PBXBuildFile; fileRef = C2B2994C25B1686700441D7C /* AppDelegate.swift */; };
		C2B2994F25B1686700441D7C /* SceneDelegate.swift in Sources */ = {isa = PBXBuildFile; fileRef = C2B2994E25B1686700441D7C /* SceneDelegate.swift */; };
		C2B2995125B1686700441D7C /* ViewController.swift in Sources */ = {isa = PBXBuildFile; fileRef = C2B2995025B1686700441D7C /* ViewController.swift */; };
		C2B2995425B1686700441D7C /* Main.storyboard in Resources */ = {isa = PBXBuildFile; fileRef = C2B2995225B1686700441D7C /* Main.storyboard */; };
		C2B2995625B1686C00441D7C /* Assets.xcassets in Resources */ = {isa = PBXBuildFile; fileRef = C2B2995525B1686C00441D7C /* Assets.xcassets */; };
		C2B2995925B1686C00441D7C /* LaunchScreen.storyboard in Resources */ = {isa = PBXBuildFile; fileRef = C2B2995725B1686C00441D7C /* LaunchScreen.storyboard */; };
		C2B2996425B1686D00441D7C /* MovieFlexTests.swift in Sources */ = {isa = PBXBuildFile; fileRef = C2B2996325B1686D00441D7C /* MovieFlexTests.swift */; };
		C2B2996F25B1686D00441D7C /* MovieFlexUITests.swift in Sources */ = {isa = PBXBuildFile; fileRef = C2B2996E25B1686D00441D7C /* MovieFlexUITests.swift */; };
		C2B2998325B16C1800441D7C /* TopRatedViewController.swift in Sources */ = {isa = PBXBuildFile; fileRef = C2B2998225B16C1800441D7C /* TopRatedViewController.swift */; };
		C2B2998B25B16C3600441D7C /* TopRatedDetailViewController.swift in Sources */ = {isa = PBXBuildFile; fileRef = C2B2998A25B16C3600441D7C /* TopRatedDetailViewController.swift */; };
		C2B2999025B16C6900441D7C /* UpcomingViewController.swift in Sources */ = {isa = PBXBuildFile; fileRef = C2B2998F25B16C6900441D7C /* UpcomingViewController.swift */; };
		C2B2999525B16C7F00441D7C /* UpcomingDetailViewController.swift in Sources */ = {isa = PBXBuildFile; fileRef = C2B2999425B16C7F00441D7C /* UpcomingDetailViewController.swift */; };
		C2B2999B25B1A93E00441D7C /* Service.swift in Sources */ = {isa = PBXBuildFile; fileRef = C2B2999A25B1A93E00441D7C /* Service.swift */; };
		C2B299A025B1A9BC00441D7C /* TopModel.swift in Sources */ = {isa = PBXBuildFile; fileRef = C2B2999F25B1A9BC00441D7C /* TopModel.swift */; };
		C2B299A525B1A9CD00441D7C /* UpcomingModel.swift in Sources */ = {isa = PBXBuildFile; fileRef = C2B299A425B1A9CD00441D7C /* UpcomingModel.swift */; };
		C2B299AA25B1B65500441D7C /* TopRatedTableViewCell.swift in Sources */ = {isa = PBXBuildFile; fileRef = C2B299A925B1B65400441D7C /* TopRatedTableViewCell.swift */; };
		C2B299AF25B1B66A00441D7C /* UpcomingTableViewCell.swift in Sources */ = {isa = PBXBuildFile; fileRef = C2B299AE25B1B66A00441D7C /* UpcomingTableViewCell.swift */; };
		C2B299B425B1BA5600441D7C /* ExtentionImageDownload.swift in Sources */ = {isa = PBXBuildFile; fileRef = C2B299B325B1BA5500441D7C /* ExtentionImageDownload.swift */; };
/* End PBXBuildFile section */

/* Begin PBXContainerItemProxy section */
		C2B2996025B1686D00441D7C /* PBXContainerItemProxy */ = {
			isa = PBXContainerItemProxy;
			containerPortal = C2B2994125B1686600441D7C /* Project object */;
			proxyType = 1;
			remoteGlobalIDString = C2B2994825B1686600441D7C;
			remoteInfo = MovieFlex;
		};
		C2B2996B25B1686D00441D7C /* PBXContainerItemProxy */ = {
			isa = PBXContainerItemProxy;
			containerPortal = C2B2994125B1686600441D7C /* Project object */;
			proxyType = 1;
			remoteGlobalIDString = C2B2994825B1686600441D7C;
			remoteInfo = MovieFlex;
		};
/* End PBXContainerItemProxy section */

/* Begin PBXFileReference section */
		C2832D6125B2C4FF00A13004 /* ActivityIndicatorView.swift */ = {isa = PBXFileReference; lastKnownFileType = sourcecode.swift; path = ActivityIndicatorView.swift; sourceTree = "<group>"; };
		C2832D6625B2C5CA00A13004 /* ExtentionUIViewController.swift */ = {isa = PBXFileReference; lastKnownFileType = sourcecode.swift; path = ExtentionUIViewController.swift; sourceTree = "<group>"; };
		C2B2994925B1686700441D7C /* MovieFlex.app */ = {isa = PBXFileReference; explicitFileType = wrapper.application; includeInIndex = 0; path = MovieFlex.app; sourceTree = BUILT_PRODUCTS_DIR; };
		C2B2994C25B1686700441D7C /* AppDelegate.swift */ = {isa = PBXFileReference; lastKnownFileType = sourcecode.swift; path = AppDelegate.swift; sourceTree = "<group>"; };
		C2B2994E25B1686700441D7C /* SceneDelegate.swift */ = {isa = PBXFileReference; lastKnownFileType = sourcecode.swift; path = SceneDelegate.swift; sourceTree = "<group>"; };
		C2B2995025B1686700441D7C /* ViewController.swift */ = {isa = PBXFileReference; lastKnownFileType = sourcecode.swift; path = ViewController.swift; sourceTree = "<group>"; };
		C2B2995325B1686700441D7C /* Base */ = {isa = PBXFileReference; lastKnownFileType = file.storyboard; name = Base; path = Base.lproj/Main.storyboard; sourceTree = "<group>"; };
		C2B2995525B1686C00441D7C /* Assets.xcassets */ = {isa = PBXFileReference; lastKnownFileType = folder.assetcatalog; path = Assets.xcassets; sourceTree = "<group>"; };
		C2B2995825B1686C00441D7C /* Base */ = {isa = PBXFileReference; lastKnownFileType = file.storyboard; name = Base; path = Base.lproj/LaunchScreen.storyboard; sourceTree = "<group>"; };
		C2B2995A25B1686C00441D7C /* Info.plist */ = {isa = PBXFileReference; lastKnownFileType = text.plist.xml; path = Info.plist; sourceTree = "<group>"; };
		C2B2995F25B1686D00441D7C /* MovieFlexTests.xctest */ = {isa = PBXFileReference; explicitFileType = wrapper.cfbundle; includeInIndex = 0; path = MovieFlexTests.xctest; sourceTree = BUILT_PRODUCTS_DIR; };
		C2B2996325B1686D00441D7C /* MovieFlexTests.swift */ = {isa = PBXFileReference; lastKnownFileType = sourcecode.swift; path = MovieFlexTests.swift; sourceTree = "<group>"; };
		C2B2996525B1686D00441D7C /* Info.plist */ = {isa = PBXFileReference; lastKnownFileType = text.plist.xml; path = Info.plist; sourceTree = "<group>"; };
		C2B2996A25B1686D00441D7C /* MovieFlexUITests.xctest */ = {isa = PBXFileReference; explicitFileType = wrapper.cfbundle; includeInIndex = 0; path = MovieFlexUITests.xctest; sourceTree = BUILT_PRODUCTS_DIR; };
		C2B2996E25B1686D00441D7C /* MovieFlexUITests.swift */ = {isa = PBXFileReference; lastKnownFileType = sourcecode.swift; path = MovieFlexUITests.swift; sourceTree = "<group>"; };
		C2B2997025B1686D00441D7C /* Info.plist */ = {isa = PBXFileReference; lastKnownFileType = text.plist.xml; path = Info.plist; sourceTree = "<group>"; };
		C2B2998225B16C1800441D7C /* TopRatedViewController.swift */ = {isa = PBXFileReference; lastKnownFileType = sourcecode.swift; path = TopRatedViewController.swift; sourceTree = "<group>"; };
		C2B2998A25B16C3600441D7C /* TopRatedDetailViewController.swift */ = {isa = PBXFileReference; lastKnownFileType = sourcecode.swift; path = TopRatedDetailViewController.swift; sourceTree = "<group>"; };
		C2B2998F25B16C6900441D7C /* UpcomingViewController.swift */ = {isa = PBXFileReference; lastKnownFileType = sourcecode.swift; path = UpcomingViewController.swift; sourceTree = "<group>"; };
		C2B2999425B16C7F00441D7C /* UpcomingDetailViewController.swift */ = {isa = PBXFileReference; lastKnownFileType = sourcecode.swift; path = UpcomingDetailViewController.swift; sourceTree = "<group>"; };
		C2B2999A25B1A93E00441D7C /* Service.swift */ = {isa = PBXFileReference; lastKnownFileType = sourcecode.swift; path = Service.swift; sourceTree = "<group>"; };
		C2B2999F25B1A9BC00441D7C /* TopModel.swift */ = {isa = PBXFileReference; lastKnownFileType = sourcecode.swift; path = TopModel.swift; sourceTree = "<group>"; };
		C2B299A425B1A9CD00441D7C /* UpcomingModel.swift */ = {isa = PBXFileReference; lastKnownFileType = sourcecode.swift; path = UpcomingModel.swift; sourceTree = "<group>"; };
		C2B299A925B1B65400441D7C /* TopRatedTableViewCell.swift */ = {isa = PBXFileReference; lastKnownFileType = sourcecode.swift; path = TopRatedTableViewCell.swift; sourceTree = "<group>"; };
		C2B299AE25B1B66A00441D7C /* UpcomingTableViewCell.swift */ = {isa = PBXFileReference; lastKnownFileType = sourcecode.swift; path = UpcomingTableViewCell.swift; sourceTree = "<group>"; };
		C2B299B325B1BA5500441D7C /* ExtentionImageDownload.swift */ = {isa = PBXFileReference; lastKnownFileType = sourcecode.swift; path = ExtentionImageDownload.swift; sourceTree = "<group>"; };
/* End PBXFileReference section */

/* Begin PBXFrameworksBuildPhase section */
		C2B2994625B1686600441D7C /* Frameworks */ = {
			isa = PBXFrameworksBuildPhase;
			buildActionMask = 2147483647;
			files = (
			);
			runOnlyForDeploymentPostprocessing = 0;
		};
		C2B2995C25B1686D00441D7C /* Frameworks */ = {
			isa = PBXFrameworksBuildPhase;
			buildActionMask = 2147483647;
			files = (
			);
			runOnlyForDeploymentPostprocessing = 0;
		};
		C2B2996725B1686D00441D7C /* Frameworks */ = {
			isa = PBXFrameworksBuildPhase;
			buildActionMask = 2147483647;
			files = (
			);
			runOnlyForDeploymentPostprocessing = 0;
		};
/* End PBXFrameworksBuildPhase section */

/* Begin PBXGroup section */
		C2B2994025B1686600441D7C = {
			isa = PBXGroup;
			children = (
				C2B2994B25B1686700441D7C /* MovieFlex */,
				C2B2996225B1686D00441D7C /* MovieFlexTests */,
				C2B2996D25B1686D00441D7C /* MovieFlexUITests */,
				C2B2994A25B1686700441D7C /* Products */,
			);
			sourceTree = "<group>";
		};
		C2B2994A25B1686700441D7C /* Products */ = {
			isa = PBXGroup;
			children = (
				C2B2994925B1686700441D7C /* MovieFlex.app */,
				C2B2995F25B1686D00441D7C /* MovieFlexTests.xctest */,
				C2B2996A25B1686D00441D7C /* MovieFlexUITests.xctest */,
			);
			name = Products;
			sourceTree = "<group>";
		};
		C2B2994B25B1686700441D7C /* MovieFlex */ = {
			isa = PBXGroup;
			children = (
				C2B2999925B1A90C00441D7C /* Service */,
				C2B2998125B16B5300441D7C /* Controller */,
				C2B2998025B16B4C00441D7C /* View */,
				C2B2997F25B16B4500441D7C /* Model */,
				C2B2994C25B1686700441D7C /* AppDelegate.swift */,
				C2B2994E25B1686700441D7C /* SceneDelegate.swift */,
				C2B2995025B1686700441D7C /* ViewController.swift */,
				C2B2995225B1686700441D7C /* Main.storyboard */,
				C2B2995525B1686C00441D7C /* Assets.xcassets */,
				C2B2995725B1686C00441D7C /* LaunchScreen.storyboard */,
				C2B2995A25B1686C00441D7C /* Info.plist */,
				C2B299B325B1BA5500441D7C /* ExtentionImageDownload.swift */,
				C2832D6125B2C4FF00A13004 /* ActivityIndicatorView.swift */,
				C2832D6625B2C5CA00A13004 /* ExtentionUIViewController.swift */,
			);
			path = MovieFlex;
			sourceTree = "<group>";
		};
		C2B2996225B1686D00441D7C /* MovieFlexTests */ = {
			isa = PBXGroup;
			children = (
				C2B2996325B1686D00441D7C /* MovieFlexTests.swift */,
				C2B2996525B1686D00441D7C /* Info.plist */,
			);
			path = MovieFlexTests;
			sourceTree = "<group>";
		};
		C2B2996D25B1686D00441D7C /* MovieFlexUITests */ = {
			isa = PBXGroup;
			children = (
				C2B2996E25B1686D00441D7C /* MovieFlexUITests.swift */,
				C2B2997025B1686D00441D7C /* Info.plist */,
			);
			path = MovieFlexUITests;
			sourceTree = "<group>";
		};
		C2B2997F25B16B4500441D7C /* Model */ = {
			isa = PBXGroup;
			children = (
				C2B299BD25B1DD0E00441D7C /* UpcomingModel */,
				C2B299BC25B1DD0100441D7C /* TopModel */,
			);
			path = Model;
			sourceTree = "<group>";
		};
		C2B2998025B16B4C00441D7C /* View */ = {
			isa = PBXGroup;
			children = (
				C2B299BB25B1DCE000441D7C /* UpcomingCell */,
				C2B299BA25B1DCD100441D7C /* TopRatedCell */,
			);
			path = View;
			sourceTree = "<group>";
		};
		C2B2998125B16B5300441D7C /* Controller */ = {
			isa = PBXGroup;
			children = (
				C2B299B925B1DCAB00441D7C /* Upcoming */,
				C2B299B825B1DC9C00441D7C /* TopRated */,
			);
			path = Controller;
			sourceTree = "<group>";
		};
		C2B2999925B1A90C00441D7C /* Service */ = {
			isa = PBXGroup;
			children = (
				C2B2999A25B1A93E00441D7C /* Service.swift */,
			);
			path = Service;
			sourceTree = "<group>";
		};
		C2B299B825B1DC9C00441D7C /* TopRated */ = {
			isa = PBXGroup;
			children = (
				C2B2998225B16C1800441D7C /* TopRatedViewController.swift */,
				C2B2998A25B16C3600441D7C /* TopRatedDetailViewController.swift */,
			);
			path = TopRated;
			sourceTree = "<group>";
		};
		C2B299B925B1DCAB00441D7C /* Upcoming */ = {
			isa = PBXGroup;
			children = (
				C2B2998F25B16C6900441D7C /* UpcomingViewController.swift */,
				C2B2999425B16C7F00441D7C /* UpcomingDetailViewController.swift */,
			);
			path = Upcoming;
			sourceTree = "<group>";
		};
		C2B299BA25B1DCD100441D7C /* TopRatedCell */ = {
			isa = PBXGroup;
			children = (
				C2B299A925B1B65400441D7C /* TopRatedTableViewCell.swift */,
			);
			path = TopRatedCell;
			sourceTree = "<group>";
		};
		C2B299BB25B1DCE000441D7C /* UpcomingCell */ = {
			isa = PBXGroup;
			children = (
				C2B299AE25B1B66A00441D7C /* UpcomingTableViewCell.swift */,
			);
			path = UpcomingCell;
			sourceTree = "<group>";
		};
		C2B299BC25B1DD0100441D7C /* TopModel */ = {
			isa = PBXGroup;
			children = (
				C2B2999F25B1A9BC00441D7C /* TopModel.swift */,
			);
			path = TopModel;
			sourceTree = "<group>";
		};
		C2B299BD25B1DD0E00441D7C /* UpcomingModel */ = {
			isa = PBXGroup;
			children = (
				C2B299A425B1A9CD00441D7C /* UpcomingModel.swift */,
			);
			path = UpcomingModel;
			sourceTree = "<group>";
		};
/* End PBXGroup section */

/* Begin PBXNativeTarget section */
		C2B2994825B1686600441D7C /* MovieFlex */ = {
			isa = PBXNativeTarget;
			buildConfigurationList = C2B2997325B1686D00441D7C /* Build configuration list for PBXNativeTarget "MovieFlex" */;
			buildPhases = (
				C2B2994525B1686600441D7C /* Sources */,
				C2B2994625B1686600441D7C /* Frameworks */,
				C2B2994725B1686600441D7C /* Resources */,
			);
			buildRules = (
			);
			dependencies = (
			);
			name = MovieFlex;
			productName = MovieFlex;
			productReference = C2B2994925B1686700441D7C /* MovieFlex.app */;
			productType = "com.apple.product-type.application";
		};
		C2B2995E25B1686D00441D7C /* MovieFlexTests */ = {
			isa = PBXNativeTarget;
			buildConfigurationList = C2B2997625B1686D00441D7C /* Build configuration list for PBXNativeTarget "MovieFlexTests" */;
			buildPhases = (
				C2B2995B25B1686D00441D7C /* Sources */,
				C2B2995C25B1686D00441D7C /* Frameworks */,
				C2B2995D25B1686D00441D7C /* Resources */,
			);
			buildRules = (
			);
			dependencies = (
				C2B2996125B1686D00441D7C /* PBXTargetDependency */,
			);
			name = MovieFlexTests;
			productName = MovieFlexTests;
			productReference = C2B2995F25B1686D00441D7C /* MovieFlexTests.xctest */;
			productType = "com.apple.product-type.bundle.unit-test";
		};
		C2B2996925B1686D00441D7C /* MovieFlexUITests */ = {
			isa = PBXNativeTarget;
			buildConfigurationList = C2B2997925B1686D00441D7C /* Build configuration list for PBXNativeTarget "MovieFlexUITests" */;
			buildPhases = (
				C2B2996625B1686D00441D7C /* Sources */,
				C2B2996725B1686D00441D7C /* Frameworks */,
				C2B2996825B1686D00441D7C /* Resources */,
			);
			buildRules = (
			);
			dependencies = (
				C2B2996C25B1686D00441D7C /* PBXTargetDependency */,
			);
			name = MovieFlexUITests;
			productName = MovieFlexUITests;
			productReference = C2B2996A25B1686D00441D7C /* MovieFlexUITests.xctest */;
			productType = "com.apple.product-type.bundle.ui-testing";
		};
/* End PBXNativeTarget section */

/* Begin PBXProject section */
		C2B2994125B1686600441D7C /* Project object */ = {
			isa = PBXProject;
			attributes = {
				LastSwiftUpdateCheck = 1200;
				LastUpgradeCheck = 1200;
				TargetAttributes = {
					C2B2994825B1686600441D7C = {
						CreatedOnToolsVersion = 12.0;
					};
					C2B2995E25B1686D00441D7C = {
						CreatedOnToolsVersion = 12.0;
						TestTargetID = C2B2994825B1686600441D7C;
					};
					C2B2996925B1686D00441D7C = {
						CreatedOnToolsVersion = 12.0;
						TestTargetID = C2B2994825B1686600441D7C;
					};
				};
			};
			buildConfigurationList = C2B2994425B1686600441D7C /* Build configuration list for PBXProject "MovieFlex" */;
			compatibilityVersion = "Xcode 9.3";
			developmentRegion = en;
			hasScannedForEncodings = 0;
			knownRegions = (
				en,
				Base,
			);
			mainGroup = C2B2994025B1686600441D7C;
			productRefGroup = C2B2994A25B1686700441D7C /* Products */;
			projectDirPath = "";
			projectRoot = "";
			targets = (
				C2B2994825B1686600441D7C /* MovieFlex */,
				C2B2995E25B1686D00441D7C /* MovieFlexTests */,
				C2B2996925B1686D00441D7C /* MovieFlexUITests */,
			);
		};
/* End PBXProject section */

/* Begin PBXResourcesBuildPhase section */
		C2B2994725B1686600441D7C /* Resources */ = {
			isa = PBXResourcesBuildPhase;
			buildActionMask = 2147483647;
			files = (
				C2B2995925B1686C00441D7C /* LaunchScreen.storyboard in Resources */,
				C2B2995625B1686C00441D7C /* Assets.xcassets in Resources */,
				C2B2995425B1686700441D7C /* Main.storyboard in Resources */,
			);
			runOnlyForDeploymentPostprocessing = 0;
		};
		C2B2995D25B1686D00441D7C /* Resources */ = {
			isa = PBXResourcesBuildPhase;
			buildActionMask = 2147483647;
			files = (
			);
			runOnlyForDeploymentPostprocessing = 0;
		};
		C2B2996825B1686D00441D7C /* Resources */ = {
			isa = PBXResourcesBuildPhase;
			buildActionMask = 2147483647;
			files = (
			);
			runOnlyForDeploymentPostprocessing = 0;
		};
/* End PBXResourcesBuildPhase section */

/* Begin PBXSourcesBuildPhase section */
		C2B2994525B1686600441D7C /* Sources */ = {
			isa = PBXSourcesBuildPhase;
			buildActionMask = 2147483647;
			files = (
				C2B2999025B16C6900441D7C /* UpcomingViewController.swift in Sources */,
				C2B299A525B1A9CD00441D7C /* UpcomingModel.swift in Sources */,
				C2B299B425B1BA5600441D7C /* ExtentionImageDownload.swift in Sources */,
				C2B299A025B1A9BC00441D7C /* TopModel.swift in Sources */,
				C2B2999B25B1A93E00441D7C /* Service.swift in Sources */,
				C2B2995125B1686700441D7C /* ViewController.swift in Sources */,
				C2B2998B25B16C3600441D7C /* TopRatedDetailViewController.swift in Sources */,
				C2B2999525B16C7F00441D7C /* UpcomingDetailViewController.swift in Sources */,
				C2832D6725B2C5CA00A13004 /* ExtentionUIViewController.swift in Sources */,
				C2B299AF25B1B66A00441D7C /* UpcomingTableViewCell.swift in Sources */,
				C2B299AA25B1B65500441D7C /* TopRatedTableViewCell.swift in Sources */,
				C2B2998325B16C1800441D7C /* TopRatedViewController.swift in Sources */,
				C2B2994D25B1686700441D7C /* AppDelegate.swift in Sources */,
				C2B2994F25B1686700441D7C /* SceneDelegate.swift in Sources */,
				C2832D6225B2C4FF00A13004 /* ActivityIndicatorView.swift in Sources */,
			);
			runOnlyForDeploymentPostprocessing = 0;
		};
		C2B2995B25B1686D00441D7C /* Sources */ = {
			isa = PBXSourcesBuildPhase;
			buildActionMask = 2147483647;
			files = (
				C2B2996425B1686D00441D7C /* MovieFlexTests.swift in Sources */,
			);
			runOnlyForDeploymentPostprocessing = 0;
		};
		C2B2996625B1686D00441D7C /* Sources */ = {
			isa = PBXSourcesBuildPhase;
			buildActionMask = 2147483647;
			files = (
				C2B2996F25B1686D00441D7C /* MovieFlexUITests.swift in Sources */,
			);
			runOnlyForDeploymentPostprocessing = 0;
		};
/* End PBXSourcesBuildPhase section */

/* Begin PBXTargetDependency section */
		C2B2996125B1686D00441D7C /* PBXTargetDependency */ = {
			isa = PBXTargetDependency;
			target = C2B2994825B1686600441D7C /* MovieFlex */;
			targetProxy = C2B2996025B1686D00441D7C /* PBXContainerItemProxy */;
		};
		C2B2996C25B1686D00441D7C /* PBXTargetDependency */ = {
			isa = PBXTargetDependency;
			target = C2B2994825B1686600441D7C /* MovieFlex */;
			targetProxy = C2B2996B25B1686D00441D7C /* PBXContainerItemProxy */;
		};
/* End PBXTargetDependency section */

/* Begin PBXVariantGroup section */
		C2B2995225B1686700441D7C /* Main.storyboard */ = {
			isa = PBXVariantGroup;
			children = (
				C2B2995325B1686700441D7C /* Base */,
			);
			name = Main.storyboard;
			sourceTree = "<group>";
		};
		C2B2995725B1686C00441D7C /* LaunchScreen.storyboard */ = {
			isa = PBXVariantGroup;
			children = (
				C2B2995825B1686C00441D7C /* Base */,
			);
			name = LaunchScreen.storyboard;
			sourceTree = "<group>";
		};
/* End PBXVariantGroup section */

/* Begin XCBuildConfiguration section */
		C2B2997125B1686D00441D7C /* Debug */ = {
			isa = XCBuildConfiguration;
			buildSettings = {
				ALWAYS_SEARCH_USER_PATHS = NO;
				CLANG_ANALYZER_NONNULL = YES;
				CLANG_ANALYZER_NUMBER_OBJECT_CONVERSION = YES_AGGRESSIVE;
				CLANG_CXX_LANGUAGE_STANDARD = "gnu++14";
				CLANG_CXX_LIBRARY = "libc++";
				CLANG_ENABLE_MODULES = YES;
				CLANG_ENABLE_OBJC_ARC = YES;
				CLANG_ENABLE_OBJC_WEAK = YES;
				CLANG_WARN_BLOCK_CAPTURE_AUTORELEASING = YES;
				CLANG_WARN_BOOL_CONVERSION = YES;
				CLANG_WARN_COMMA = YES;
				CLANG_WARN_CONSTANT_CONVERSION = YES;
				CLANG_WARN_DEPRECATED_OBJC_IMPLEMENTATIONS = YES;
				CLANG_WARN_DIRECT_OBJC_ISA_USAGE = YES_ERROR;
				CLANG_WARN_DOCUMENTATION_COMMENTS = YES;
				CLANG_WARN_EMPTY_BODY = YES;
				CLANG_WARN_ENUM_CONVERSION = YES;
				CLANG_WARN_INFINITE_RECURSION = YES;
				CLANG_WARN_INT_CONVERSION = YES;
				CLANG_WARN_NON_LITERAL_NULL_CONVERSION = YES;
				CLANG_WARN_OBJC_IMPLICIT_RETAIN_SELF = YES;
				CLANG_WARN_OBJC_LITERAL_CONVERSION = YES;
				CLANG_WARN_OBJC_ROOT_CLASS = YES_ERROR;
				CLANG_WARN_QUOTED_INCLUDE_IN_FRAMEWORK_HEADER = YES;
				CLANG_WARN_RANGE_LOOP_ANALYSIS = YES;
				CLANG_WARN_STRICT_PROTOTYPES = YES;
				CLANG_WARN_SUSPICIOUS_MOVE = YES;
				CLANG_WARN_UNGUARDED_AVAILABILITY = YES_AGGRESSIVE;
				CLANG_WARN_UNREACHABLE_CODE = YES;
				CLANG_WARN__DUPLICATE_METHOD_MATCH = YES;
				COPY_PHASE_STRIP = NO;
				DEBUG_INFORMATION_FORMAT = dwarf;
				ENABLE_STRICT_OBJC_MSGSEND = YES;
				ENABLE_TESTABILITY = YES;
				GCC_C_LANGUAGE_STANDARD = gnu11;
				GCC_DYNAMIC_NO_PIC = NO;
				GCC_NO_COMMON_BLOCKS = YES;
				GCC_OPTIMIZATION_LEVEL = 0;
				GCC_PREPROCESSOR_DEFINITIONS = (
					"DEBUG=1",
					"$(inherited)",
				);
				GCC_WARN_64_TO_32_BIT_CONVERSION = YES;
				GCC_WARN_ABOUT_RETURN_TYPE = YES_ERROR;
				GCC_WARN_UNDECLARED_SELECTOR = YES;
				GCC_WARN_UNINITIALIZED_AUTOS = YES_AGGRESSIVE;
				GCC_WARN_UNUSED_FUNCTION = YES;
				GCC_WARN_UNUSED_VARIABLE = YES;
				IPHONEOS_DEPLOYMENT_TARGET = 14.0;
				MTL_ENABLE_DEBUG_INFO = INCLUDE_SOURCE;
				MTL_FAST_MATH = YES;
				ONLY_ACTIVE_ARCH = YES;
				SDKROOT = iphoneos;
				SWIFT_ACTIVE_COMPILATION_CONDITIONS = DEBUG;
				SWIFT_OPTIMIZATION_LEVEL = "-Onone";
			};
			name = Debug;
		};
		C2B2997225B1686D00441D7C /* Release */ = {
			isa = XCBuildConfiguration;
			buildSettings = {
				ALWAYS_SEARCH_USER_PATHS = NO;
				CLANG_ANALYZER_NONNULL = YES;
				CLANG_ANALYZER_NUMBER_OBJECT_CONVERSION = YES_AGGRESSIVE;
				CLANG_CXX_LANGUAGE_STANDARD = "gnu++14";
				CLANG_CXX_LIBRARY = "libc++";
				CLANG_ENABLE_MODULES = YES;
				CLANG_ENABLE_OBJC_ARC = YES;
				CLANG_ENABLE_OBJC_WEAK = YES;
				CLANG_WARN_BLOCK_CAPTURE_AUTORELEASING = YES;
				CLANG_WARN_BOOL_CONVERSION = YES;
				CLANG_WARN_COMMA = YES;
				CLANG_WARN_CONSTANT_CONVERSION = YES;
				CLANG_WARN_DEPRECATED_OBJC_IMPLEMENTATIONS = YES;
				CLANG_WARN_DIRECT_OBJC_ISA_USAGE = YES_ERROR;
				CLANG_WARN_DOCUMENTATION_COMMENTS = YES;
				CLANG_WARN_EMPTY_BODY = YES;
				CLANG_WARN_ENUM_CONVERSION = YES;
				CLANG_WARN_INFINITE_RECURSION = YES;
				CLANG_WARN_INT_CONVERSION = YES;
				CLANG_WARN_NON_LITERAL_NULL_CONVERSION = YES;
				CLANG_WARN_OBJC_IMPLICIT_RETAIN_SELF = YES;
				CLANG_WARN_OBJC_LITERAL_CONVERSION = YES;
				CLANG_WARN_OBJC_ROOT_CLASS = YES_ERROR;
				CLANG_WARN_QUOTED_INCLUDE_IN_FRAMEWORK_HEADER = YES;
				CLANG_WARN_RANGE_LOOP_ANALYSIS = YES;
				CLANG_WARN_STRICT_PROTOTYPES = YES;
				CLANG_WARN_SUSPICIOUS_MOVE = YES;
				CLANG_WARN_UNGUARDED_AVAILABILITY = YES_AGGRESSIVE;
				CLANG_WARN_UNREACHABLE_CODE = YES;
				CLANG_WARN__DUPLICATE_METHOD_MATCH = YES;
				COPY_PHASE_STRIP = NO;
				DEBUG_INFORMATION_FORMAT = "dwarf-with-dsym";
				ENABLE_NS_ASSERTIONS = NO;
				ENABLE_STRICT_OBJC_MSGSEND = YES;
				GCC_C_LANGUAGE_STANDARD = gnu11;
				GCC_NO_COMMON_BLOCKS = YES;
				GCC_WARN_64_TO_32_BIT_CONVERSION = YES;
				GCC_WARN_ABOUT_RETURN_TYPE = YES_ERROR;
				GCC_WARN_UNDECLARED_SELECTOR = YES;
				GCC_WARN_UNINITIALIZED_AUTOS = YES_AGGRESSIVE;
				GCC_WARN_UNUSED_FUNCTION = YES;
				GCC_WARN_UNUSED_VARIABLE = YES;
				IPHONEOS_DEPLOYMENT_TARGET = 14.0;
				MTL_ENABLE_DEBUG_INFO = NO;
				MTL_FAST_MATH = YES;
				SDKROOT = iphoneos;
				SWIFT_COMPILATION_MODE = wholemodule;
				SWIFT_OPTIMIZATION_LEVEL = "-O";
				VALIDATE_PRODUCT = YES;
			};
			name = Release;
		};
		C2B2997425B1686D00441D7C /* Debug */ = {
			isa = XCBuildConfiguration;
			buildSettings = {
				ASSETCATALOG_COMPILER_APPICON_NAME = AppIcon;
				ASSETCATALOG_COMPILER_GLOBAL_ACCENT_COLOR_NAME = AccentColor;
				CODE_SIGN_STYLE = Automatic;
				DEVELOPMENT_TEAM = 999U3TAW93;
				INFOPLIST_FILE = MovieFlex/Info.plist;
				LD_RUNPATH_SEARCH_PATHS = (
					"$(inherited)",
					"@executable_path/Frameworks",
				);
				PRODUCT_BUNDLE_IDENTIFIER = taj.MovieFlex;
				PRODUCT_NAME = "$(TARGET_NAME)";
				SWIFT_VERSION = 5.0;
				TARGETED_DEVICE_FAMILY = "1,2";
			};
			name = Debug;
		};
		C2B2997525B1686D00441D7C /* Release */ = {
			isa = XCBuildConfiguration;
			buildSettings = {
				ASSETCATALOG_COMPILER_APPICON_NAME = AppIcon;
				ASSETCATALOG_COMPILER_GLOBAL_ACCENT_COLOR_NAME = AccentColor;
				CODE_SIGN_STYLE = Automatic;
				DEVELOPMENT_TEAM = 999U3TAW93;
				INFOPLIST_FILE = MovieFlex/Info.plist;
				LD_RUNPATH_SEARCH_PATHS = (
					"$(inherited)",
					"@executable_path/Frameworks",
				);
				PRODUCT_BUNDLE_IDENTIFIER = taj.MovieFlex;
				PRODUCT_NAME = "$(TARGET_NAME)";
				SWIFT_VERSION = 5.0;
				TARGETED_DEVICE_FAMILY = "1,2";
			};
			name = Release;
		};
		C2B2997725B1686D00441D7C /* Debug */ = {
			isa = XCBuildConfiguration;
			buildSettings = {
				ALWAYS_EMBED_SWIFT_STANDARD_LIBRARIES = YES;
				BUNDLE_LOADER = "$(TEST_HOST)";
				CODE_SIGN_STYLE = Automatic;
				DEVELOPMENT_TEAM = 999U3TAW93;
				INFOPLIST_FILE = MovieFlexTests/Info.plist;
				IPHONEOS_DEPLOYMENT_TARGET = 14.0;
				LD_RUNPATH_SEARCH_PATHS = (
					"$(inherited)",
					"@executable_path/Frameworks",
					"@loader_path/Frameworks",
				);
				PRODUCT_BUNDLE_IDENTIFIER = taj.MovieFlexTests;
				PRODUCT_NAME = "$(TARGET_NAME)";
				SWIFT_VERSION = 5.0;
				TARGETED_DEVICE_FAMILY = "1,2";
				TEST_HOST = "$(BUILT_PRODUCTS_DIR)/MovieFlex.app/MovieFlex";
			};
			name = Debug;
		};
		C2B2997825B1686D00441D7C /* Release */ = {
			isa = XCBuildConfiguration;
			buildSettings = {
				ALWAYS_EMBED_SWIFT_STANDARD_LIBRARIES = YES;
				BUNDLE_LOADER = "$(TEST_HOST)";
				CODE_SIGN_STYLE = Automatic;
				DEVELOPMENT_TEAM = 999U3TAW93;
				INFOPLIST_FILE = MovieFlexTests/Info.plist;
				IPHONEOS_DEPLOYMENT_TARGET = 14.0;
				LD_RUNPATH_SEARCH_PATHS = (
					"$(inherited)",
					"@executable_path/Frameworks",
					"@loader_path/Frameworks",
				);
				PRODUCT_BUNDLE_IDENTIFIER = taj.MovieFlexTests;
				PRODUCT_NAME = "$(TARGET_NAME)";
				SWIFT_VERSION = 5.0;
				TARGETED_DEVICE_FAMILY = "1,2";
				TEST_HOST = "$(BUILT_PRODUCTS_DIR)/MovieFlex.app/MovieFlex";
			};
			name = Release;
		};
		C2B2997A25B1686D00441D7C /* Debug */ = {
			isa = XCBuildConfiguration;
			buildSettings = {
				ALWAYS_EMBED_SWIFT_STANDARD_LIBRARIES = YES;
				CODE_SIGN_STYLE = Automatic;
				DEVELOPMENT_TEAM = 999U3TAW93;
				INFOPLIST_FILE = MovieFlexUITests/Info.plist;
				LD_RUNPATH_SEARCH_PATHS = (
					"$(inherited)",
					"@executable_path/Frameworks",
					"@loader_path/Frameworks",
				);
				PRODUCT_BUNDLE_IDENTIFIER = taj.MovieFlexUITests;
				PRODUCT_NAME = "$(TARGET_NAME)";
				SWIFT_VERSION = 5.0;
				TARGETED_DEVICE_FAMILY = "1,2";
				TEST_TARGET_NAME = MovieFlex;
			};
			name = Debug;
		};
		C2B2997B25B1686D00441D7C /* Release */ = {
			isa = XCBuildConfiguration;
			buildSettings = {
				ALWAYS_EMBED_SWIFT_STANDARD_LIBRARIES = YES;
				CODE_SIGN_STYLE = Automatic;
				DEVELOPMENT_TEAM = 999U3TAW93;
				INFOPLIST_FILE = MovieFlexUITests/Info.plist;
				LD_RUNPATH_SEARCH_PATHS = (
					"$(inherited)",
					"@executable_path/Frameworks",
					"@loader_path/Frameworks",
				);
				PRODUCT_BUNDLE_IDENTIFIER = taj.MovieFlexUITests;
				PRODUCT_NAME = "$(TARGET_NAME)";
				SWIFT_VERSION = 5.0;
				TARGETED_DEVICE_FAMILY = "1,2";
				TEST_TARGET_NAME = MovieFlex;
			};
			name = Release;
		};
/* End XCBuildConfiguration section */

/* Begin XCConfigurationList section */
		C2B2994425B1686600441D7C /* Build configuration list for PBXProject "MovieFlex" */ = {
			isa = XCConfigurationList;
			buildConfigurations = (
				C2B2997125B1686D00441D7C /* Debug */,
				C2B2997225B1686D00441D7C /* Release */,
			);
			defaultConfigurationIsVisible = 0;
			defaultConfigurationName = Release;
		};
		C2B2997325B1686D00441D7C /* Build configuration list for PBXNativeTarget "MovieFlex" */ = {
			isa = XCConfigurationList;
			buildConfigurations = (
				C2B2997425B1686D00441D7C /* Debug */,
				C2B2997525B1686D00441D7C /* Release */,
			);
			defaultConfigurationIsVisible = 0;
			defaultConfigurationName = Release;
		};
		C2B2997625B1686D00441D7C /* Build configuration list for PBXNativeTarget "MovieFlexTests" */ = {
			isa = XCConfigurationList;
			buildConfigurations = (
				C2B2997725B1686D00441D7C /* Debug */,
				C2B2997825B1686D00441D7C /* Release */,
			);
			defaultConfigurationIsVisible = 0;
			defaultConfigurationName = Release;
		};
		C2B2997925B1686D00441D7C /* Build configuration list for PBXNativeTarget "MovieFlexUITests" */ = {
			isa = XCConfigurationList;
			buildConfigurations = (
				C2B2997A25B1686D00441D7C /* Debug */,
				C2B2997B25B1686D00441D7C /* Release */,
			);
			defaultConfigurationIsVisible = 0;
			defaultConfigurationName = Release;
		};
/* End XCConfigurationList section */
	};
	rootObject = C2B2994125B1686600441D7C /* Project object */;
}
